
Microsoft Visual Studio Solution File, Format Version 12.00
# Visual Studio Version 17
VisualStudioVersion = 17.4.33213.308
MinimumVisualStudioVersion = 10.0.40219.1
Project("{9A19103F-16F7-4668-BE54-9A1E7A4F7556}") = "ClientSerie", "ClientSerie\ClientSerie.csproj", "{A8D3E162-060C-4921-9679-E9F0A299FFB5}"
EndProject
Project("{FAE04EC0-301F-11D3-BF4B-00C04F79EFBC}") = "ClientSerieTests", "ClientSerieTests\ClientSerieTests.csproj", "{85DF0FE8-639A-4A26-B2C3-CE5B67BE2EEE}"
EndProject
Global
	GlobalSection(SolutionConfigurationPlatforms) = preSolution
		Debug|Any CPU = Debug|Any CPU
		Debug|ARM64 = Debug|ARM64
		Debug|x64 = Debug|x64
		Debug|x86 = Debug|x86
		Release|Any CPU = Release|Any CPU
		Release|ARM64 = Release|ARM64
		Release|x64 = Release|x64
		Release|x86 = Release|x86
	EndGlobalSection
	GlobalSection(ProjectConfigurationPlatforms) = postSolution
		{A8D3E162-060C-4921-9679-E9F0A299FFB5}.Debug|Any CPU.ActiveCfg = Debug|x64
		{A8D3E162-060C-4921-9679-E9F0A299FFB5}.Debug|Any CPU.Build.0 = Debug|x64
		{A8D3E162-060C-4921-9679-E9F0A299FFB5}.Debug|Any CPU.Deploy.0 = Debug|x64
		{A8D3E162-060C-4921-9679-E9F0A299FFB5}.Debug|ARM64.ActiveCfg = Debug|ARM64
		{A8D3E162-060C-4921-9679-E9F0A299FFB5}.Debug|ARM64.Build.0 = Debug|ARM64
		{A8D3E162-060C-4921-9679-E9F0A299FFB5}.Debug|ARM64.Deploy.0 = Debug|ARM64
		{A8D3E162-060C-4921-9679-E9F0A299FFB5}.Debug|x64.ActiveCfg = Debug|x64
		{A8D3E162-060C-4921-9679-E9F0A299FFB5}.Debug|x64.Build.0 = Debug|x64
		{A8D3E162-060C-4921-9679-E9F0A299FFB5}.Debug|x64.Deploy.0 = Debug|x64
		{A8D3E162-060C-4921-9679-E9F0A299FFB5}.Debug|x86.ActiveCfg = Debug|x86
		{A8D3E162-060C-4921-9679-E9F0A299FFB5}.Debug|x86.Build.0 = Debug|x86
		{A8D3E162-060C-4921-9679-E9F0A299FFB5}.Debug|x86.Deploy.0 = Debug|x86
		{A8D3E162-060C-4921-9679-E9F0A299FFB5}.Release|Any CPU.ActiveCfg = Release|x64
		{A8D3E162-060C-4921-9679-E9F0A299FFB5}.Release|Any CPU.Build.0 = Release|x64
		{A8D3E162-060C-4921-9679-E9F0A299FFB5}.Release|Any CPU.Deploy.0 = Release|x64
		{A8D3E162-060C-4921-9679-E9F0A299FFB5}.Release|ARM64.ActiveCfg = Release|ARM64
		{A8D3E162-060C-4921-9679-E9F0A299FFB5}.Release|ARM64.Build.0 = Release|ARM64
		{A8D3E162-060C-4921-9679-E9F0A299FFB5}.Release|ARM64.Deploy.0 = Release|ARM64
		{A8D3E162-060C-4921-9679-E9F0A299FFB5}.Release|x64.ActiveCfg = Release|x64
		{A8D3E162-060C-4921-9679-E9F0A299FFB5}.Release|x64.Build.0 = Release|x64
		{A8D3E162-060C-4921-9679-E9F0A299FFB5}.Release|x64.Deploy.0 = Release|x64
		{A8D3E162-060C-4921-9679-E9F0A299FFB5}.Release|x86.ActiveCfg = Release|x86
		{A8D3E162-060C-4921-9679-E9F0A299FFB5}.Release|x86.Build.0 = Release|x86
		{A8D3E162-060C-4921-9679-E9F0A299FFB5}.Release|x86.Deploy.0 = Release|x86
		{85DF0FE8-639A-4A26-B2C3-CE5B67BE2EEE}.Debug|Any CPU.ActiveCfg = Debug|Any CPU
		{85DF0FE8-639A-4A26-B2C3-CE5B67BE2EEE}.Debug|Any CPU.Build.0 = Debug|Any CPU
		{85DF0FE8-639A-4A26-B2C3-CE5B67BE2EEE}.Debug|ARM64.ActiveCfg = Debug|Any CPU
		{85DF0FE8-639A-4A26-B2C3-CE5B67BE2EEE}.Debug|ARM64.Build.0 = Debug|Any CPU
		{85DF0FE8-639A-4A26-B2C3-CE5B67BE2EEE}.Debug|x64.ActiveCfg = Debug|Any CPU
		{85DF0FE8-639A-4A26-B2C3-CE5B67BE2EEE}.Debug|x64.Build.0 = Debug|Any CPU
		{85DF0FE8-639A-4A26-B2C3-CE5B67BE2EEE}.Debug|x86.ActiveCfg = Debug|Any CPU
		{85DF0FE8-639A-4A26-B2C3-CE5B67BE2EEE}.Debug|x86.Build.0 = Debug|Any CPU
		{85DF0FE8-639A-4A26-B2C3-CE5B67BE2EEE}.Release|Any CPU.ActiveCfg = Release|Any CPU
		{85DF0FE8-639A-4A26-B2C3-CE5B67BE2EEE}.Release|Any CPU.Build.0 = Release|Any CPU
		{85DF0FE8-639A-4A26-B2C3-CE5B67BE2EEE}.Release|ARM64.ActiveCfg = Release|Any CPU
		{85DF0FE8-639A-4A26-B2C3-CE5B67BE2EEE}.Release|ARM64.Build.0 = Release|Any CPU
		{85DF0FE8-639A-4A26-B2C3-CE5B67BE2EEE}.Release|x64.ActiveCfg = Release|Any CPU
		{85DF0FE8-639A-4A26-B2C3-CE5B67BE2EEE}.Release|x64.Build.0 = Release|Any CPU
		{85DF0FE8-639A-4A26-B2C3-CE5B67BE2EEE}.Release|x86.ActiveCfg = Release|Any CPU
		{85DF0FE8-639A-4A26-B2C3-CE5B67BE2EEE}.Release|x86.Build.0 = Release|Any CPU
	EndGlobalSection
	GlobalSection(SolutionProperties) = preSolution
		HideSolutionNode = FALSE
	EndGlobalSection
	GlobalSection(ExtensibilityGlobals) = postSolution
		SolutionGuid = {DAC69F97-0582-4E0A-8E58-7FB2E3D7DBE4}
	EndGlobalSection
EndGlobal
